{
  "name": "makeup-active-descendant",
  "version": "0.7.4",
  "lockfileVersion": 2,
  "requires": true,
  "packages": {
    "": {
      "name": "makeup-active-descendant",
      "version": "0.7.4",
      "license": "MIT",
      "dependencies": {
        "makeup-navigation-emitter": "^0.7.3",
        "makeup-next-id": "^0.5.3"
      }
    },
    "node_modules/makeup-exit-emitter": {
      "version": "0.4.1",
      "resolved": "https://registry.npmjs.org/makeup-exit-emitter/-/makeup-exit-emitter-0.4.1.tgz",
      "integrity": "sha512-KZJRxx/eiGxMs0qHOw5lbNQn+BOv0GZb/sKQ02vNRFuqAGS2KGXQH+lWYZDrwwDKvexgln/kE+8xf1mjArpDgw==",
      "dependencies": {
        "makeup-next-id": "~0.4.0"
      }
    },
    "node_modules/makeup-key-emitter": {
      "version": "0.3.1",
      "resolved": "https://registry.npmjs.org/makeup-key-emitter/-/makeup-key-emitter-0.3.1.tgz",
      "integrity": "sha512-J9dn2fb3SIpCzomt70OLa5W6qicoOJPoP1/4u8Vau6Y4RcEPIFMyHiTZbBTXLaOUR12Lm7xiFafao0pTHkFVIQ=="
    },
    "node_modules/makeup-navigation-emitter": {
      "version": "0.6.0",
      "resolved": "https://registry.npmjs.org/makeup-navigation-emitter/-/makeup-navigation-emitter-0.6.0.tgz",
      "integrity": "sha512-lk4OSg7cytThSvo0oUvHH+7SyHPeZ75srXNSvDoBYAb+2t8uh9lTIu335OtvL6m3Ab7oVYj0CpJK2fjzsPzXEQ==",
      "dependencies": {
        "makeup-exit-emitter": "~0.4.0",
        "makeup-key-emitter": "~0.3.0"
      }
    },
    "node_modules/makeup-next-id": {
      "version": "0.4.0",
      "resolved": "https://registry.npmjs.org/makeup-next-id/-/makeup-next-id-0.4.0.tgz",
      "integrity": "sha512-7HSHKcHcTsONxRWiADCPnpXTofIDyq4i/JDq4IKBUMcmDUb/jK4wgz3DyQD3AK/GSFUeC3y7M9baBSk2qJvr2Q=="
    }
  },
  "dependencies": {
    "makeup-exit-emitter": {
      "version": "0.4.1",
      "resolved": "https://registry.npmjs.org/makeup-exit-emitter/-/makeup-exit-emitter-0.4.1.tgz",
      "integrity": "sha512-KZJRxx/eiGxMs0qHOw5lbNQn+BOv0GZb/sKQ02vNRFuqAGS2KGXQH+lWYZDrwwDKvexgln/kE+8xf1mjArpDgw==",
      "requires": {
        "makeup-next-id": "~0.4.0"
      }
    },
    "makeup-key-emitter": {
      "version": "0.3.1",
      "resolved": "https://registry.npmjs.org/makeup-key-emitter/-/makeup-key-emitter-0.3.1.tgz",
      "integrity": "sha512-J9dn2fb3SIpCzomt70OLa5W6qicoOJPoP1/4u8Vau6Y4RcEPIFMyHiTZbBTXLaOUR12Lm7xiFafao0pTHkFVIQ=="
    },
    "makeup-navigation-emitter": {
      "version": "0.6.0",
      "resolved": "https://registry.npmjs.org/makeup-navigation-emitter/-/makeup-navigation-emitter-0.6.0.tgz",
      "integrity": "sha512-lk4OSg7cytThSvo0oUvHH+7SyHPeZ75srXNSvDoBYAb+2t8uh9lTIu335OtvL6m3Ab7oVYj0CpJK2fjzsPzXEQ==",
      "requires": {
        "makeup-exit-emitter": "~0.4.0",
        "makeup-key-emitter": "~0.3.0"
      }
    },
    "makeup-next-id": {
      "version": "0.4.0",
      "resolved": "https://registry.npmjs.org/makeup-next-id/-/makeup-next-id-0.4.0.tgz",
      "integrity": "sha512-7HSHKcHcTsONxRWiADCPnpXTofIDyq4i/JDq4IKBUMcmDUb/jK4wgz3DyQD3AK/GSFUeC3y7M9baBSk2qJvr2Q=="
    }
  }
}