{
  "name": "makeup-exit-emitter",
  "version": "0.5.8",
  "lockfileVersion": 2,
  "requires": true,
  "packages": {
    "": {
      "name": "makeup-exit-emitter",
      "version": "0.5.8",
      "license": "MIT",
      "dependencies": {
        "makeup-next-id": "^0.5.8"
      }
    },
    "node_modules/makeup-next-id": {
      "version": "0.4.0",
      "resolved": "https://registry.npmjs.org/makeup-next-id/-/makeup-next-id-0.4.0.tgz",
      "integrity": "sha512-7HSHKcHcTsONxRWiADCPnpXTofIDyq4i/JDq4IKBUMcmDUb/jK4wgz3DyQD3AK/GSFUeC3y7M9baBSk2qJvr2Q=="
    }
  },
  "dependencies": {
    "makeup-next-id": {
      "version": "0.4.0",
      "resolved": "https://registry.npmjs.org/makeup-next-id/-/makeup-next-id-0.4.0.tgz",
      "integrity": "sha512-7HSHKcHcTsONxRWiADCPnpXTofIDyq4i/JDq4IKBUMcmDUb/jK4wgz3DyQD3AK/GSFUeC3y7M9baBSk2qJvr2Q=="
    }
  }
}