{
	"name": "makeup-expander",
	"version": "0.9.0",
	"lockfileVersion": 1,
	"requires": true,
	"dependencies": {
		"makeup-exit-emitter": {
			"version": "0.3.0",
			"resolved": "https://registry.npmjs.org/makeup-exit-emitter/-/makeup-exit-emitter-0.3.0.tgz",
			"integrity": "sha512-vmEsvMSsbKpruRubJOnSxqipcuYDhpGRegxru8QC5tY0t63jm2CAAXhTvaH9XtNXxcyPSUuaHYh6nuu4pJWzCQ==",
			"requires": {
				"makeup-next-id": "~0.2.0"
			}
		},
		"makeup-focusables": {
			"version": "0.2.0",
			"resolved": "https://registry.npmjs.org/makeup-focusables/-/makeup-focusables-0.2.0.tgz",
			"integrity": "sha512-Pgt25/gD7M9Uq5AUA/Hw6YAewtD5uYD7wfWAKuE0tLNa4JUDyhsjdTHKKGy74eGNFCJgbpEvUJ1fjtZkNbwkWA=="
		},
		"makeup-next-id": {
			"version": "0.2.0",
			"resolved": "https://registry.npmjs.org/makeup-next-id/-/makeup-next-id-0.2.0.tgz",
			"integrity": "sha512-zS6EUYHoKRQuYJRfpglwLP7Y1mRoYkQezX/zkMwV1xtlB5DozIA7o3uhQdZdIwzldM0PVwrdVEQT5PXx6XbBBA==",
			"requires": {
				"nanoid": "^2"
			}
		},
		"nanoid": {
			"version": "2.1.11",
			"resolved": "https://registry.npmjs.org/nanoid/-/nanoid-2.1.11.tgz",
			"integrity": "sha512-s/snB+WGm6uwi0WjsZdaVcuf3KJXlfGl2LcxgwkEwJF0D/BWzVWAZW/XY4bFaiR7s0Jk3FPvlnepg1H1b1UwlA=="
		}
	}
}
