{
	"name": "makeup-next-id",
	"version": "0.2.0",
	"lockfileVersion": 1,
	"requires": true,
	"dependencies": {
		"nanoid": {
			"version": "3.1.31",
			"resolved": "https://registry.npmjs.org/nanoid/-/nanoid-3.1.31.tgz",
			"integrity": "sha512-ZivnJm0o9bb13p2Ot5CpgC2rQdzB9Uxm/mFZweqm5eMViqOJe3PV6LU2E30SiLgheesmcPrjquqraoolONSA0A=="
		}
	}
}
