{
  "name": "makeup-keyboard-trap",
  "version": "0.5.7",
  "lockfileVersion": 2,
  "requires": true,
  "packages": {
    "": {
      "name": "makeup-keyboard-trap",
      "version": "0.5.7",
      "license": "MIT",
      "dependencies": {
        "makeup-focusables": "^0.4.5"
      }
    },
    "node_modules/makeup-focusables": {
      "version": "0.3.0",
      "resolved": "https://registry.npmjs.org/makeup-focusables/-/makeup-focusables-0.3.0.tgz",
      "integrity": "sha512-WNgwxCmMWs/J/SyoFYrN4FNLq85XuplzkectPipthsiIySBu2Gc+15sgRufEbPShdeSCfyebMhENPXNmN3v6/Q=="
    }
  },
  "dependencies": {
    "makeup-focusables": {
      "version": "0.3.0",
      "resolved": "https://registry.npmjs.org/makeup-focusables/-/makeup-focusables-0.3.0.tgz",
      "integrity": "sha512-WNgwxCmMWs/J/SyoFYrN4FNLq85XuplzkectPipthsiIySBu2Gc+15sgRufEbPShdeSCfyebMhENPXNmN3v6/Q=="
    }
  }
}