{
  "name": "makeup-roving-tabindex",
  "version": "0.4.1",
  "lockfileVersion": 2,
  "requires": true,
  "packages": {
    "": {
      "name": "makeup-roving-tabindex",
      "version": "0.4.1",
      "license": "MIT",
      "dependencies": {
        "makeup-navigation-emitter": "~0.4.1"
      }
    },
    "node_modules/makeup-exit-emitter": {
      "version": "0.3.1",
      "resolved": "https://registry.npmjs.org/makeup-exit-emitter/-/makeup-exit-emitter-0.3.1.tgz",
      "integrity": "sha512-3T0HfK5penByCFwMo2Pxl5lamApcHd8/IH6CA1J3W/cFJiI/G5X5bexeYPleV6nJXRNELDEbc0MQffFRiH2X1w==",
      "dependencies": {
        "makeup-next-id": "~0.3.0"
      }
    },
    "node_modules/makeup-key-emitter": {
      "version": "0.2.0",
      "resolved": "https://registry.npmjs.org/makeup-key-emitter/-/makeup-key-emitter-0.2.0.tgz",
      "integrity": "sha512-n8a3leknN+jexvrLksez4TK4mDUkiqFQpQvpuPm10JzHQLHHgHGBLi5AcClfhOMuYIutHxD2VYzRVkpSP9+/iw=="
    },
    "node_modules/makeup-navigation-emitter": {
      "version": "0.4.1",
      "resolved": "https://registry.npmjs.org/makeup-navigation-emitter/-/makeup-navigation-emitter-0.4.1.tgz",
      "integrity": "sha512-Yu3/GQiUb/ygyVB+YF28O61meJzf3+c0tjrjsojZet8ONhMrKwSv8x0BTz/pNO9dkmdWou/DxSYitGP9+hB27g==",
      "dependencies": {
        "makeup-exit-emitter": "~0.3.1",
        "makeup-key-emitter": "~0.2.0"
      }
    },
    "node_modules/makeup-next-id": {
      "version": "0.3.0",
      "resolved": "https://registry.npmjs.org/makeup-next-id/-/makeup-next-id-0.3.0.tgz",
      "integrity": "sha512-WSL3zYeKzTGvDJZVBrh5ZLwjIEOfVzjfA/biIiCvEzn3S5/ZlsCKV6szX0VhIrcxQoHjGUmSutMpTSctL+LrLQ=="
    }
  },
  "dependencies": {
    "makeup-exit-emitter": {
      "version": "0.3.1",
      "resolved": "https://registry.npmjs.org/makeup-exit-emitter/-/makeup-exit-emitter-0.3.1.tgz",
      "integrity": "sha512-3T0HfK5penByCFwMo2Pxl5lamApcHd8/IH6CA1J3W/cFJiI/G5X5bexeYPleV6nJXRNELDEbc0MQffFRiH2X1w==",
      "requires": {
        "makeup-next-id": "~0.3.0"
      }
    },
    "makeup-key-emitter": {
      "version": "0.2.0",
      "resolved": "https://registry.npmjs.org/makeup-key-emitter/-/makeup-key-emitter-0.2.0.tgz",
      "integrity": "sha512-n8a3leknN+jexvrLksez4TK4mDUkiqFQpQvpuPm10JzHQLHHgHGBLi5AcClfhOMuYIutHxD2VYzRVkpSP9+/iw=="
    },
    "makeup-navigation-emitter": {
      "version": "0.4.1",
      "resolved": "https://registry.npmjs.org/makeup-navigation-emitter/-/makeup-navigation-emitter-0.4.1.tgz",
      "integrity": "sha512-Yu3/GQiUb/ygyVB+YF28O61meJzf3+c0tjrjsojZet8ONhMrKwSv8x0BTz/pNO9dkmdWou/DxSYitGP9+hB27g==",
      "requires": {
        "makeup-exit-emitter": "~0.3.1",
        "makeup-key-emitter": "~0.2.0"
      }
    },
    "makeup-next-id": {
      "version": "0.3.0",
      "resolved": "https://registry.npmjs.org/makeup-next-id/-/makeup-next-id-0.3.0.tgz",
      "integrity": "sha512-WSL3zYeKzTGvDJZVBrh5ZLwjIEOfVzjfA/biIiCvEzn3S5/ZlsCKV6szX0VhIrcxQoHjGUmSutMpTSctL+LrLQ=="
    }
  }
}
