{
  "name": "makeup-confirm-dialog",
  "version": "0.3.2",
  "lockfileVersion": 2,
  "requires": true,
  "packages": {
    "": {
      "name": "makeup-confirm-dialog",
      "version": "0.3.2",
      "license": "MIT",
      "dependencies": {
        "makeup-lightbox-dialog": "^0.2.2"
      }
    },
    "node_modules/makeup-dialog": {
      "version": "0.4.0",
      "resolved": "https://registry.npmjs.org/makeup-dialog/-/makeup-dialog-0.4.0.tgz",
      "integrity": "sha512-6oBuOioDX5CPtTCRtuj9EW4gt7KPXrXQjjyPe4qqpQgqHQX8VVMWd04ysMLf36WtDfeVuqkdz+Aal0sgpj8yYQ==",
      "dependencies": {
        "makeup-focusables": "^0.3.0",
        "makeup-modal": "^0.4.0"
      }
    },
    "node_modules/makeup-focusables": {
      "version": "0.3.0",
      "resolved": "https://registry.npmjs.org/makeup-focusables/-/makeup-focusables-0.3.0.tgz",
      "integrity": "sha512-WNgwxCmMWs/J/SyoFYrN4FNLq85XuplzkectPipthsiIySBu2Gc+15sgRufEbPShdeSCfyebMhENPXNmN3v6/Q=="
    },
    "node_modules/makeup-keyboard-trap": {
      "version": "0.4.0",
      "resolved": "https://registry.npmjs.org/makeup-keyboard-trap/-/makeup-keyboard-trap-0.4.0.tgz",
      "integrity": "sha512-aeiGW7CW2sJ2lP5Ew7dquttpMKe7E1kxakVxe76AwzewNKdkY02u9XIpxZWPD9bHJMPvQ4XxzRCMAngCdKNAZA==",
      "dependencies": {
        "makeup-focusables": "~0.3.0"
      }
    },
    "node_modules/makeup-lightbox-dialog": {
      "version": "0.1.0",
      "resolved": "https://registry.npmjs.org/makeup-lightbox-dialog/-/makeup-lightbox-dialog-0.1.0.tgz",
      "integrity": "sha512-xva4dxkisG+KX6yKuA728Jbpo9UU97DAoUb+SOJl2gOETdxzx7VBEgZvugMfUy8aRT++5lj7d6ASECqcnMSwNw==",
      "dependencies": {
        "makeup-dialog": "^0.4.0"
      }
    },
    "node_modules/makeup-modal": {
      "version": "0.4.0",
      "resolved": "https://registry.npmjs.org/makeup-modal/-/makeup-modal-0.4.0.tgz",
      "integrity": "sha512-eEHvYOvkF1CscL9cUE715owCM1djOiQUCXv57boM9DXr6+UIfKjbZAJqaI+Y4Cn2jqzzXmqON5QlTVp95QAQsA==",
      "dependencies": {
        "makeup-keyboard-trap": "~0.4.0",
        "makeup-screenreader-trap": "~0.4.0"
      }
    },
    "node_modules/makeup-screenreader-trap": {
      "version": "0.4.0",
      "resolved": "https://registry.npmjs.org/makeup-screenreader-trap/-/makeup-screenreader-trap-0.4.0.tgz",
      "integrity": "sha512-ruHLUPtKPWa9HTR8nZigntEwHT5syZobztIeZUOi3GzOlmqpZgeqf8hHWPWv58hJG0DZJwLFtAixzVMWh8JyGQ=="
    }
  },
  "dependencies": {
    "makeup-dialog": {
      "version": "0.4.0",
      "resolved": "https://registry.npmjs.org/makeup-dialog/-/makeup-dialog-0.4.0.tgz",
      "integrity": "sha512-6oBuOioDX5CPtTCRtuj9EW4gt7KPXrXQjjyPe4qqpQgqHQX8VVMWd04ysMLf36WtDfeVuqkdz+Aal0sgpj8yYQ==",
      "requires": {
        "makeup-focusables": "^0.3.0",
        "makeup-modal": "^0.4.0"
      }
    },
    "makeup-focusables": {
      "version": "0.3.0",
      "resolved": "https://registry.npmjs.org/makeup-focusables/-/makeup-focusables-0.3.0.tgz",
      "integrity": "sha512-WNgwxCmMWs/J/SyoFYrN4FNLq85XuplzkectPipthsiIySBu2Gc+15sgRufEbPShdeSCfyebMhENPXNmN3v6/Q=="
    },
    "makeup-keyboard-trap": {
      "version": "0.4.0",
      "resolved": "https://registry.npmjs.org/makeup-keyboard-trap/-/makeup-keyboard-trap-0.4.0.tgz",
      "integrity": "sha512-aeiGW7CW2sJ2lP5Ew7dquttpMKe7E1kxakVxe76AwzewNKdkY02u9XIpxZWPD9bHJMPvQ4XxzRCMAngCdKNAZA==",
      "requires": {
        "makeup-focusables": "~0.3.0"
      }
    },
    "makeup-lightbox-dialog": {
      "version": "0.1.0",
      "resolved": "https://registry.npmjs.org/makeup-lightbox-dialog/-/makeup-lightbox-dialog-0.1.0.tgz",
      "integrity": "sha512-xva4dxkisG+KX6yKuA728Jbpo9UU97DAoUb+SOJl2gOETdxzx7VBEgZvugMfUy8aRT++5lj7d6ASECqcnMSwNw==",
      "requires": {
        "makeup-dialog": "^0.4.0"
      }
    },
    "makeup-modal": {
      "version": "0.4.0",
      "resolved": "https://registry.npmjs.org/makeup-modal/-/makeup-modal-0.4.0.tgz",
      "integrity": "sha512-eEHvYOvkF1CscL9cUE715owCM1djOiQUCXv57boM9DXr6+UIfKjbZAJqaI+Y4Cn2jqzzXmqON5QlTVp95QAQsA==",
      "requires": {
        "makeup-keyboard-trap": "~0.4.0",
        "makeup-screenreader-trap": "~0.4.0"
      }
    },
    "makeup-screenreader-trap": {
      "version": "0.4.0",
      "resolved": "https://registry.npmjs.org/makeup-screenreader-trap/-/makeup-screenreader-trap-0.4.0.tgz",
      "integrity": "sha512-ruHLUPtKPWa9HTR8nZigntEwHT5syZobztIeZUOi3GzOlmqpZgeqf8hHWPWv58hJG0DZJwLFtAixzVMWh8JyGQ=="
    }
  }
}