{
  "name": "makeup-modal",
  "version": "0.2.0",
  "lockfileVersion": 1,
  "requires": true,
  "dependencies": {
    "custom-event": {
      "version": "1.0.1",
      "resolved": "https://registry.npmjs.org/custom-event/-/custom-event-1.0.1.tgz",
      "integrity": "sha1-XQKkaFCt8bSjF5RqOSj8y1v9BCU="
    },
    "makeup-focusables": {
      "version": "0.1.0",
      "resolved": "https://registry.npmjs.org/makeup-focusables/-/makeup-focusables-0.1.0.tgz",
      "integrity": "sha512-rBUb7cECtGGC60Z1zRjEUyweCh4gMqWOUzDERLu2xEKBGdh+upDciOucrLiGt/gawJhFnI+HA3AabLSo6mm43Q=="
    },
    "makeup-keyboard-trap": {
      "version": "0.2.5",
      "resolved": "https://registry.npmjs.org/makeup-keyboard-trap/-/makeup-keyboard-trap-0.2.5.tgz",
      "integrity": "sha512-J2ISxp+tE/KfHAjr1FXoL+5DBhme7TBuQ7U3PYoA4yD2ZD/3iWGh/1VyY6Wd67H/7VrzWXyMaspR09RmBKMfgg==",
      "requires": {
        "custom-event": "^1",
        "makeup-focusables": "~0.1.0"
      }
    },
    "makeup-screenreader-trap": {
      "version": "0.2.1",
      "resolved": "https://registry.npmjs.org/makeup-screenreader-trap/-/makeup-screenreader-trap-0.2.1.tgz",
      "integrity": "sha512-RP++n1xxFzj/0clfqs4GIs+DtJHeusBreHlD3bfLSk6d23TH704IIn02Th1BS5N9aUfEq9fGdyKtSWpxHwGpsQ==",
      "requires": {
        "custom-event": "^1"
      }
    }
  }
}
