{
	"name": "makeup-exit-emitter",
	"version": "0.2.6",
	"lockfileVersion": 1,
	"requires": true,
	"dependencies": {
		"makeup-next-id": {
			"version": "0.1.3",
			"resolved": "https://registry.npmjs.org/makeup-next-id/-/makeup-next-id-0.1.3.tgz",
			"integrity": "sha512-X0iLqUblyFBbGA78JCTpoXno08NseFOBx6ywTKk0+o1A/rqs1fAr6xdNLGSQhAwbppIztGS3ByjZ/t/Gd7Azdg==",
			"requires": {
				"nanoid": "^2"
			}
		},
		"nanoid": {
			"version": "2.1.11",
			"resolved": "https://registry.npmjs.org/nanoid/-/nanoid-2.1.11.tgz",
			"integrity": "sha512-s/snB+WGm6uwi0WjsZdaVcuf3KJXlfGl2LcxgwkEwJF0D/BWzVWAZW/XY4bFaiR7s0Jk3FPvlnepg1H1b1UwlA=="
		}
	}
}
