{
	"name": "makeup-dialog",
	"version": "0.0.3",
	"lockfileVersion": 1,
	"requires": true,
	"dependencies": {
		"custom-event": {
			"version": "1.0.1",
			"resolved": "https://registry.npmjs.org/custom-event/-/custom-event-1.0.1.tgz",
			"integrity": "sha1-XQKkaFCt8bSjF5RqOSj8y1v9BCU="
		},
		"makeup-focusables": {
			"version": "0.1.0",
			"resolved": "https://registry.npmjs.org/makeup-focusables/-/makeup-focusables-0.1.0.tgz",
			"integrity": "sha512-rBUb7cECtGGC60Z1zRjEUyweCh4gMqWOUzDERLu2xEKBGdh+upDciOucrLiGt/gawJhFnI+HA3AabLSo6mm43Q=="
		},
		"makeup-keyboard-trap": {
			"version": "0.2.6",
			"resolved": "https://registry.npmjs.org/makeup-keyboard-trap/-/makeup-keyboard-trap-0.2.6.tgz",
			"integrity": "sha512-/ZrZG9OooW+VG7Hf8XzVY3QD8VP4wSKwAMI/cz1SUQYVHNO+Zf7vuTElxQ5Nr5Xes+0EMtHq4dEb42PQ6LX1cw==",
			"requires": {
				"custom-event": "^1",
				"makeup-focusables": "~0.1.0"
			}
		},
		"makeup-modal": {
			"version": "0.2.1",
			"resolved": "https://registry.npmjs.org/makeup-modal/-/makeup-modal-0.2.1.tgz",
			"integrity": "sha512-LMb8gGSNMg64p3C/92gs22kRg2NGpqOYSdoU1B3o/squHa6CZxlsARsztiHH+7Xb1WVVC47MiricLHWihcds0A==",
			"requires": {
				"makeup-keyboard-trap": "~0.2.3",
				"makeup-screenreader-trap": "~0.2.1"
			}
		},
		"makeup-screenreader-trap": {
			"version": "0.2.1",
			"resolved": "https://registry.npmjs.org/makeup-screenreader-trap/-/makeup-screenreader-trap-0.2.1.tgz",
			"integrity": "sha512-RP++n1xxFzj/0clfqs4GIs+DtJHeusBreHlD3bfLSk6d23TH704IIn02Th1BS5N9aUfEq9fGdyKtSWpxHwGpsQ==",
			"requires": {
				"custom-event": "^1"
			}
		}
	}
}
