{
  "name": "makeup-menu-button",
  "version": "0.2.0",
  "lockfileVersion": 2,
  "requires": true,
  "packages": {
    "": {
      "name": "makeup-menu-button",
      "version": "0.2.0",
      "license": "MIT",
      "dependencies": {
        "makeup-expander": "~0.10.0",
        "makeup-menu": "~0.2.0"
      }
    },
    "node_modules/makeup-exit-emitter": {
      "version": "0.4.0",
      "resolved": "https://registry.npmjs.org/makeup-exit-emitter/-/makeup-exit-emitter-0.4.0.tgz",
      "integrity": "sha512-fkLVFRe6kz1vfrxjHJoDKw5P0fpAsqq4Sb/S8pbUIbWNy1M8GnRzHn/Ln6kdRNBnbZmktXlf4E/cDwHcZkgRXA==",
      "dependencies": {
        "makeup-next-id": "~0.4.0"
      }
    },
    "node_modules/makeup-expander": {
      "version": "0.10.0",
      "resolved": "https://registry.npmjs.org/makeup-expander/-/makeup-expander-0.10.0.tgz",
      "integrity": "sha512-j4f+2DU4xwqd6ClgAzkOzis66sQ/wtn0gaq8NeRPT0qK8Ht2/8C9sZS61kbJYk+P11/D9St2sq5Za2qUzpbt0w==",
      "dependencies": {
        "makeup-exit-emitter": "~0.4.0",
        "makeup-focusables": "~0.3.0",
        "makeup-next-id": "~0.4.0"
      }
    },
    "node_modules/makeup-focusables": {
      "version": "0.3.0",
      "resolved": "https://registry.npmjs.org/makeup-focusables/-/makeup-focusables-0.3.0.tgz",
      "integrity": "sha512-WNgwxCmMWs/J/SyoFYrN4FNLq85XuplzkectPipthsiIySBu2Gc+15sgRufEbPShdeSCfyebMhENPXNmN3v6/Q=="
    },
    "node_modules/makeup-key-emitter": {
      "version": "0.3.0",
      "resolved": "https://registry.npmjs.org/makeup-key-emitter/-/makeup-key-emitter-0.3.0.tgz",
      "integrity": "sha512-LJMbf+V/35fBP54KY3wZLoFlRHkNN+ks/7/tcYDkprfH1s/1iRsbJI52P23sas1Pry5dAL18vSNBCK/7iGobKg=="
    },
    "node_modules/makeup-menu": {
      "version": "0.2.0",
      "resolved": "https://registry.npmjs.org/makeup-menu/-/makeup-menu-0.2.0.tgz",
      "integrity": "sha512-vCryQll6KmpCPUlr04t/98gSqhjuX1QQzM+ZyyqXaBkAJaicmfx5pxvzEM0+hGukfHe0TX0FfuXirZ0ZfuxjMw==",
      "dependencies": {
        "makeup-prevent-scroll-keys": "~0.2.0",
        "makeup-roving-tabindex": "~0.5.0"
      }
    },
    "node_modules/makeup-navigation-emitter": {
      "version": "0.5.0",
      "resolved": "https://registry.npmjs.org/makeup-navigation-emitter/-/makeup-navigation-emitter-0.5.0.tgz",
      "integrity": "sha512-+5E74OGBK2hlxIdBG07aJUde8s+ApWJf1cwJHfsoxURB2s346RfpXldbYixfjzUj1t8Ie6l7wv5q4lwWLjFTKQ==",
      "dependencies": {
        "makeup-exit-emitter": "~0.4.0",
        "makeup-key-emitter": "~0.3.0"
      }
    },
    "node_modules/makeup-next-id": {
      "version": "0.4.0",
      "resolved": "https://registry.npmjs.org/makeup-next-id/-/makeup-next-id-0.4.0.tgz",
      "integrity": "sha512-7HSHKcHcTsONxRWiADCPnpXTofIDyq4i/JDq4IKBUMcmDUb/jK4wgz3DyQD3AK/GSFUeC3y7M9baBSk2qJvr2Q=="
    },
    "node_modules/makeup-prevent-scroll-keys": {
      "version": "0.2.0",
      "resolved": "https://registry.npmjs.org/makeup-prevent-scroll-keys/-/makeup-prevent-scroll-keys-0.2.0.tgz",
      "integrity": "sha512-JomR/CgtC+OBF9t4v3tbGDDBvi/5Q6qQQ4ZyjU776alg5XBQ2l2rVuOUXXUmv9DEpP3GryO2/mCdk1d4q078Og=="
    },
    "node_modules/makeup-roving-tabindex": {
      "version": "0.5.0",
      "resolved": "https://registry.npmjs.org/makeup-roving-tabindex/-/makeup-roving-tabindex-0.5.0.tgz",
      "integrity": "sha512-Jr6Ar+d8H+MZmZo+zTgt3hl5evGJgSx5SEwdo8a4Vt/6cAFUkJvf/zr5LpDmoNxHdsYyuuA/KGY3CWQvDJU8AA==",
      "dependencies": {
        "makeup-navigation-emitter": "~0.5.0"
      }
    }
  },
  "dependencies": {
    "makeup-exit-emitter": {
      "version": "0.4.0",
      "resolved": "https://registry.npmjs.org/makeup-exit-emitter/-/makeup-exit-emitter-0.4.0.tgz",
      "integrity": "sha512-fkLVFRe6kz1vfrxjHJoDKw5P0fpAsqq4Sb/S8pbUIbWNy1M8GnRzHn/Ln6kdRNBnbZmktXlf4E/cDwHcZkgRXA==",
      "requires": {
        "makeup-next-id": "~0.4.0"
      }
    },
    "makeup-expander": {
      "version": "0.10.0",
      "resolved": "https://registry.npmjs.org/makeup-expander/-/makeup-expander-0.10.0.tgz",
      "integrity": "sha512-j4f+2DU4xwqd6ClgAzkOzis66sQ/wtn0gaq8NeRPT0qK8Ht2/8C9sZS61kbJYk+P11/D9St2sq5Za2qUzpbt0w==",
      "requires": {
        "makeup-exit-emitter": "~0.4.0",
        "makeup-focusables": "~0.3.0",
        "makeup-next-id": "~0.4.0"
      }
    },
    "makeup-focusables": {
      "version": "0.3.0",
      "resolved": "https://registry.npmjs.org/makeup-focusables/-/makeup-focusables-0.3.0.tgz",
      "integrity": "sha512-WNgwxCmMWs/J/SyoFYrN4FNLq85XuplzkectPipthsiIySBu2Gc+15sgRufEbPShdeSCfyebMhENPXNmN3v6/Q=="
    },
    "makeup-key-emitter": {
      "version": "0.3.0",
      "resolved": "https://registry.npmjs.org/makeup-key-emitter/-/makeup-key-emitter-0.3.0.tgz",
      "integrity": "sha512-LJMbf+V/35fBP54KY3wZLoFlRHkNN+ks/7/tcYDkprfH1s/1iRsbJI52P23sas1Pry5dAL18vSNBCK/7iGobKg=="
    },
    "makeup-menu": {
      "version": "0.2.0",
      "resolved": "https://registry.npmjs.org/makeup-menu/-/makeup-menu-0.2.0.tgz",
      "integrity": "sha512-vCryQll6KmpCPUlr04t/98gSqhjuX1QQzM+ZyyqXaBkAJaicmfx5pxvzEM0+hGukfHe0TX0FfuXirZ0ZfuxjMw==",
      "requires": {
        "makeup-prevent-scroll-keys": "~0.2.0",
        "makeup-roving-tabindex": "~0.5.0"
      }
    },
    "makeup-navigation-emitter": {
      "version": "0.5.0",
      "resolved": "https://registry.npmjs.org/makeup-navigation-emitter/-/makeup-navigation-emitter-0.5.0.tgz",
      "integrity": "sha512-+5E74OGBK2hlxIdBG07aJUde8s+ApWJf1cwJHfsoxURB2s346RfpXldbYixfjzUj1t8Ie6l7wv5q4lwWLjFTKQ==",
      "requires": {
        "makeup-exit-emitter": "~0.4.0",
        "makeup-key-emitter": "~0.3.0"
      }
    },
    "makeup-next-id": {
      "version": "0.4.0",
      "resolved": "https://registry.npmjs.org/makeup-next-id/-/makeup-next-id-0.4.0.tgz",
      "integrity": "sha512-7HSHKcHcTsONxRWiADCPnpXTofIDyq4i/JDq4IKBUMcmDUb/jK4wgz3DyQD3AK/GSFUeC3y7M9baBSk2qJvr2Q=="
    },
    "makeup-prevent-scroll-keys": {
      "version": "0.2.0",
      "resolved": "https://registry.npmjs.org/makeup-prevent-scroll-keys/-/makeup-prevent-scroll-keys-0.2.0.tgz",
      "integrity": "sha512-JomR/CgtC+OBF9t4v3tbGDDBvi/5Q6qQQ4ZyjU776alg5XBQ2l2rVuOUXXUmv9DEpP3GryO2/mCdk1d4q078Og=="
    },
    "makeup-roving-tabindex": {
      "version": "0.5.0",
      "resolved": "https://registry.npmjs.org/makeup-roving-tabindex/-/makeup-roving-tabindex-0.5.0.tgz",
      "integrity": "sha512-Jr6Ar+d8H+MZmZo+zTgt3hl5evGJgSx5SEwdo8a4Vt/6cAFUkJvf/zr5LpDmoNxHdsYyuuA/KGY3CWQvDJU8AA==",
      "requires": {
        "makeup-navigation-emitter": "~0.5.0"
      }
    }
  }
}
