{
  "name": "makeup-alert-dialog",
  "version": "0.1.0",
  "lockfileVersion": 1,
  "requires": true,
  "dependencies": {
    "makeup-focusables": {
      "version": "0.2.0",
      "resolved": "https://registry.npmjs.org/makeup-focusables/-/makeup-focusables-0.2.0.tgz",
      "integrity": "sha512-Pgt25/gD7M9Uq5AUA/Hw6YAewtD5uYD7wfWAKuE0tLNa4JUDyhsjdTHKKGy74eGNFCJgbpEvUJ1fjtZkNbwkWA=="
    },
    "makeup-keyboard-trap": {
      "version": "0.3.0",
      "resolved": "https://registry.npmjs.org/makeup-keyboard-trap/-/makeup-keyboard-trap-0.3.0.tgz",
      "integrity": "sha512-BlrPjtJllmF1oFH3xZuKSH7CE+CSBIxPIoDctp05sRikBXMiddUEARyLgXNN8ss2cDNgVwou3VLG6/OvWDY4TQ==",
      "requires": {
        "makeup-focusables": "~0.2.0"
      }
    },
    "makeup-lightbox-dialog": {
      "version": "0.0.1",
      "resolved": "https://registry.npmjs.org/makeup-lightbox-dialog/-/makeup-lightbox-dialog-0.0.1.tgz",
      "integrity": "sha512-mbpkI41VOplFXAvyBE4jVRdDPvp+Vb7J09uv4BGmvjQhhGT5N/FSkp0DRL55i8D9Chqw18hM28JWyETCSw8lkQ==",
      "requires": {
        "makeup-dialog": "^0.3.0"
      },
      "dependencies": {
        "makeup-dialog": {
          "version": "0.3.0",
          "resolved": "https://registry.npmjs.org/makeup-dialog/-/makeup-dialog-0.3.0.tgz",
          "integrity": "sha512-+ex+Av5GPyVs8gKBGVCR/VGkOfjPpDs1lt90wlDKmTG8fEOQUfu3DVikUnhpLQWeS0BntWebDZrJrft5rfzA4w==",
          "requires": {
            "makeup-focusables": "^0.2.0",
            "makeup-modal": "^0.3.0"
          }
        }
      }
    },
    "makeup-modal": {
      "version": "0.3.0",
      "resolved": "https://registry.npmjs.org/makeup-modal/-/makeup-modal-0.3.0.tgz",
      "integrity": "sha512-fHMGb4wlqAQcaifvkYX1VE5WGdcftGRd4nzQoMWAj+HAfaWoo5lJ1D3eQdkwtYbzVPl5+KvdTFsJJDs9csrswA==",
      "requires": {
        "makeup-keyboard-trap": "~0.3.0",
        "makeup-screenreader-trap": "~0.3.0"
      }
    },
    "makeup-screenreader-trap": {
      "version": "0.3.0",
      "resolved": "https://registry.npmjs.org/makeup-screenreader-trap/-/makeup-screenreader-trap-0.3.0.tgz",
      "integrity": "sha512-kkxPagdYAJpVzlO+YsJgBTLUjlI2e+PE/tpltvFOi/nod5bfs9+wjsmXLR6yw0vkspFDmPwrXpxvKhgzhBTmSw=="
    }
  }
}
