{
  "name": "makeup-alert-dialog",
  "version": "0.0.1",
  "lockfileVersion": 1,
  "requires": true,
  "dependencies": {
    "makeup-dialog": {
      "version": "0.1.0",
      "requires": {
        "makeup-focusables": "^0.2.0",
        "makeup-modal": "^0.3.0"
      }
    },
    "makeup-focusables": {
      "version": "0.2.0"
    },
    "makeup-modal": {
      "version": "0.3.0",
      "requires": {
        "makeup-keyboard-trap": "~0.3.0",
        "makeup-screenreader-trap": "~0.3.0"
      }
    }
  }
}
