{
  "name": "makeup-alert-dialog",
  "version": "0.0.1",
  "lockfileVersion": 1,
  "requires": true,
  "dependencies": {
    "makeup-dialog": {
      "version": "0.1.0",
      "resolved": "https://registry.npmjs.org/makeup-dialog/-/makeup-dialog-0.1.0.tgz",
      "integrity": "sha512-v8PVpWqlunNm4LVW0Lc6pY2BlvkXtzTnhjM3ylgjgOcny61db1LMcWGKQpwCpO1rjoWtOcHB7/hZd7S83sJFLw==",
      "requires": {
        "makeup-focusables": "^0.2.0",
        "makeup-modal": "^0.3.0"
      }
    },
    "makeup-focusables": {
      "version": "0.2.0"
    },
    "makeup-modal": {
      "version": "0.3.0",
      "requires": {
        "makeup-keyboard-trap": "~0.3.0",
        "makeup-screenreader-trap": "~0.3.0"
      }
    }
  }
}
