{
  "name": "makeup-navigation-emitter",
  "version": "0.7.7",
  "lockfileVersion": 2,
  "requires": true,
  "packages": {
    "": {
      "name": "makeup-navigation-emitter",
      "version": "0.7.7",
      "license": "MIT",
      "dependencies": {
        "makeup-exit-emitter": "^0.5.7",
        "makeup-key-emitter": "^0.4.7"
      }
    },
    "node_modules/makeup-exit-emitter": {
      "version": "0.4.0",
      "resolved": "https://registry.npmjs.org/makeup-exit-emitter/-/makeup-exit-emitter-0.4.0.tgz",
      "integrity": "sha512-fkLVFRe6kz1vfrxjHJoDKw5P0fpAsqq4Sb/S8pbUIbWNy1M8GnRzHn/Ln6kdRNBnbZmktXlf4E/cDwHcZkgRXA==",
      "dependencies": {
        "makeup-next-id": "~0.4.0"
      }
    },
    "node_modules/makeup-key-emitter": {
      "version": "0.3.0",
      "resolved": "https://registry.npmjs.org/makeup-key-emitter/-/makeup-key-emitter-0.3.0.tgz",
      "integrity": "sha512-LJMbf+V/35fBP54KY3wZLoFlRHkNN+ks/7/tcYDkprfH1s/1iRsbJI52P23sas1Pry5dAL18vSNBCK/7iGobKg=="
    },
    "node_modules/makeup-next-id": {
      "version": "0.4.0",
      "resolved": "https://registry.npmjs.org/makeup-next-id/-/makeup-next-id-0.4.0.tgz",
      "integrity": "sha512-7HSHKcHcTsONxRWiADCPnpXTofIDyq4i/JDq4IKBUMcmDUb/jK4wgz3DyQD3AK/GSFUeC3y7M9baBSk2qJvr2Q=="
    }
  },
  "dependencies": {
    "makeup-exit-emitter": {
      "version": "0.4.0",
      "resolved": "https://registry.npmjs.org/makeup-exit-emitter/-/makeup-exit-emitter-0.4.0.tgz",
      "integrity": "sha512-fkLVFRe6kz1vfrxjHJoDKw5P0fpAsqq4Sb/S8pbUIbWNy1M8GnRzHn/Ln6kdRNBnbZmktXlf4E/cDwHcZkgRXA==",
      "requires": {
        "makeup-next-id": "~0.4.0"
      }
    },
    "makeup-key-emitter": {
      "version": "0.3.0",
      "resolved": "https://registry.npmjs.org/makeup-key-emitter/-/makeup-key-emitter-0.3.0.tgz",
      "integrity": "sha512-LJMbf+V/35fBP54KY3wZLoFlRHkNN+ks/7/tcYDkprfH1s/1iRsbJI52P23sas1Pry5dAL18vSNBCK/7iGobKg=="
    },
    "makeup-next-id": {
      "version": "0.4.0",
      "resolved": "https://registry.npmjs.org/makeup-next-id/-/makeup-next-id-0.4.0.tgz",
      "integrity": "sha512-7HSHKcHcTsONxRWiADCPnpXTofIDyq4i/JDq4IKBUMcmDUb/jK4wgz3DyQD3AK/GSFUeC3y7M9baBSk2qJvr2Q=="
    }
  }
}