{
	"name": "makeup-keyboard-trap",
	"version": "0.2.6",
	"lockfileVersion": 1,
	"requires": true,
	"dependencies": {
		"custom-event": {
			"version": "1.0.1",
			"resolved": "https://registry.npmjs.org/custom-event/-/custom-event-1.0.1.tgz",
			"integrity": "sha1-XQKkaFCt8bSjF5RqOSj8y1v9BCU="
		},
		"makeup-focusables": {
			"version": "0.1.0",
			"resolved": "https://registry.npmjs.org/makeup-focusables/-/makeup-focusables-0.1.0.tgz",
			"integrity": "sha512-rBUb7cECtGGC60Z1zRjEUyweCh4gMqWOUzDERLu2xEKBGdh+upDciOucrLiGt/gawJhFnI+HA3AabLSo6mm43Q=="
		}
	}
}
