{
  "name": "makeup-combobox",
  "version": "0.4.14",
  "lockfileVersion": 2,
  "requires": true,
  "packages": {
    "": {
      "name": "makeup-combobox",
      "version": "0.4.14",
      "license": "MIT",
      "dependencies": {
        "makeup-expander": "^0.11.10",
        "makeup-listbox": "^0.4.11"
      }
    },
    "node_modules/makeup-active-descendant": {
      "version": "0.6.1",
      "resolved": "https://registry.npmjs.org/makeup-active-descendant/-/makeup-active-descendant-0.6.1.tgz",
      "integrity": "sha512-WL8q0vbDJFORXPuw5xtYTALWlizRd1k4F5HX/roCA66d9zBrOZdsBZXu0HTqzOVdIZmBQcTqKqZe8JMkM+txnA==",
      "dependencies": {
        "makeup-navigation-emitter": "~0.6.0",
        "makeup-next-id": "~0.4.0"
      }
    },
    "node_modules/makeup-exit-emitter": {
      "version": "0.4.0",
      "resolved": "https://registry.npmjs.org/makeup-exit-emitter/-/makeup-exit-emitter-0.4.0.tgz",
      "integrity": "sha512-fkLVFRe6kz1vfrxjHJoDKw5P0fpAsqq4Sb/S8pbUIbWNy1M8GnRzHn/Ln6kdRNBnbZmktXlf4E/cDwHcZkgRXA==",
      "dependencies": {
        "makeup-next-id": "~0.4.0"
      }
    },
    "node_modules/makeup-expander": {
      "version": "0.10.0",
      "resolved": "https://registry.npmjs.org/makeup-expander/-/makeup-expander-0.10.0.tgz",
      "integrity": "sha512-j4f+2DU4xwqd6ClgAzkOzis66sQ/wtn0gaq8NeRPT0qK8Ht2/8C9sZS61kbJYk+P11/D9St2sq5Za2qUzpbt0w==",
      "dependencies": {
        "makeup-exit-emitter": "~0.4.0",
        "makeup-focusables": "~0.3.0",
        "makeup-next-id": "~0.4.0"
      }
    },
    "node_modules/makeup-focusables": {
      "version": "0.3.0",
      "resolved": "https://registry.npmjs.org/makeup-focusables/-/makeup-focusables-0.3.0.tgz",
      "integrity": "sha512-WNgwxCmMWs/J/SyoFYrN4FNLq85XuplzkectPipthsiIySBu2Gc+15sgRufEbPShdeSCfyebMhENPXNmN3v6/Q=="
    },
    "node_modules/makeup-key-emitter": {
      "version": "0.3.1",
      "resolved": "https://registry.npmjs.org/makeup-key-emitter/-/makeup-key-emitter-0.3.1.tgz",
      "integrity": "sha512-J9dn2fb3SIpCzomt70OLa5W6qicoOJPoP1/4u8Vau6Y4RcEPIFMyHiTZbBTXLaOUR12Lm7xiFafao0pTHkFVIQ=="
    },
    "node_modules/makeup-listbox": {
      "version": "0.3.0",
      "resolved": "https://registry.npmjs.org/makeup-listbox/-/makeup-listbox-0.3.0.tgz",
      "integrity": "sha512-HTCiAaBCIltXv4lFKr6VZTCgNQsCVRwzvn646NV7ERc7c8XNvpDNUPzA40LH6KcPZ0NRyXsAlPbS47leLkC9VQ==",
      "dependencies": {
        "makeup-active-descendant": "~0.6.0",
        "makeup-prevent-scroll-keys": "~0.2.0"
      }
    },
    "node_modules/makeup-navigation-emitter": {
      "version": "0.6.0",
      "resolved": "https://registry.npmjs.org/makeup-navigation-emitter/-/makeup-navigation-emitter-0.6.0.tgz",
      "integrity": "sha512-lk4OSg7cytThSvo0oUvHH+7SyHPeZ75srXNSvDoBYAb+2t8uh9lTIu335OtvL6m3Ab7oVYj0CpJK2fjzsPzXEQ==",
      "dependencies": {
        "makeup-exit-emitter": "~0.4.0",
        "makeup-key-emitter": "~0.3.0"
      }
    },
    "node_modules/makeup-next-id": {
      "version": "0.4.0",
      "resolved": "https://registry.npmjs.org/makeup-next-id/-/makeup-next-id-0.4.0.tgz",
      "integrity": "sha512-7HSHKcHcTsONxRWiADCPnpXTofIDyq4i/JDq4IKBUMcmDUb/jK4wgz3DyQD3AK/GSFUeC3y7M9baBSk2qJvr2Q=="
    },
    "node_modules/makeup-prevent-scroll-keys": {
      "version": "0.2.0",
      "resolved": "https://registry.npmjs.org/makeup-prevent-scroll-keys/-/makeup-prevent-scroll-keys-0.2.0.tgz",
      "integrity": "sha512-JomR/CgtC+OBF9t4v3tbGDDBvi/5Q6qQQ4ZyjU776alg5XBQ2l2rVuOUXXUmv9DEpP3GryO2/mCdk1d4q078Og=="
    }
  },
  "dependencies": {
    "makeup-active-descendant": {
      "version": "0.6.1",
      "resolved": "https://registry.npmjs.org/makeup-active-descendant/-/makeup-active-descendant-0.6.1.tgz",
      "integrity": "sha512-WL8q0vbDJFORXPuw5xtYTALWlizRd1k4F5HX/roCA66d9zBrOZdsBZXu0HTqzOVdIZmBQcTqKqZe8JMkM+txnA==",
      "requires": {
        "makeup-navigation-emitter": "~0.6.0",
        "makeup-next-id": "~0.4.0"
      }
    },
    "makeup-exit-emitter": {
      "version": "0.4.0",
      "resolved": "https://registry.npmjs.org/makeup-exit-emitter/-/makeup-exit-emitter-0.4.0.tgz",
      "integrity": "sha512-fkLVFRe6kz1vfrxjHJoDKw5P0fpAsqq4Sb/S8pbUIbWNy1M8GnRzHn/Ln6kdRNBnbZmktXlf4E/cDwHcZkgRXA==",
      "requires": {
        "makeup-next-id": "~0.4.0"
      }
    },
    "makeup-expander": {
      "version": "0.10.0",
      "resolved": "https://registry.npmjs.org/makeup-expander/-/makeup-expander-0.10.0.tgz",
      "integrity": "sha512-j4f+2DU4xwqd6ClgAzkOzis66sQ/wtn0gaq8NeRPT0qK8Ht2/8C9sZS61kbJYk+P11/D9St2sq5Za2qUzpbt0w==",
      "requires": {
        "makeup-exit-emitter": "~0.4.0",
        "makeup-focusables": "~0.3.0",
        "makeup-next-id": "~0.4.0"
      }
    },
    "makeup-focusables": {
      "version": "0.3.0",
      "resolved": "https://registry.npmjs.org/makeup-focusables/-/makeup-focusables-0.3.0.tgz",
      "integrity": "sha512-WNgwxCmMWs/J/SyoFYrN4FNLq85XuplzkectPipthsiIySBu2Gc+15sgRufEbPShdeSCfyebMhENPXNmN3v6/Q=="
    },
    "makeup-key-emitter": {
      "version": "0.3.1",
      "resolved": "https://registry.npmjs.org/makeup-key-emitter/-/makeup-key-emitter-0.3.1.tgz",
      "integrity": "sha512-J9dn2fb3SIpCzomt70OLa5W6qicoOJPoP1/4u8Vau6Y4RcEPIFMyHiTZbBTXLaOUR12Lm7xiFafao0pTHkFVIQ=="
    },
    "makeup-listbox": {
      "version": "0.3.0",
      "resolved": "https://registry.npmjs.org/makeup-listbox/-/makeup-listbox-0.3.0.tgz",
      "integrity": "sha512-HTCiAaBCIltXv4lFKr6VZTCgNQsCVRwzvn646NV7ERc7c8XNvpDNUPzA40LH6KcPZ0NRyXsAlPbS47leLkC9VQ==",
      "requires": {
        "makeup-active-descendant": "~0.6.0",
        "makeup-prevent-scroll-keys": "~0.2.0"
      }
    },
    "makeup-navigation-emitter": {
      "version": "0.6.0",
      "resolved": "https://registry.npmjs.org/makeup-navigation-emitter/-/makeup-navigation-emitter-0.6.0.tgz",
      "integrity": "sha512-lk4OSg7cytThSvo0oUvHH+7SyHPeZ75srXNSvDoBYAb+2t8uh9lTIu335OtvL6m3Ab7oVYj0CpJK2fjzsPzXEQ==",
      "requires": {
        "makeup-exit-emitter": "~0.4.0",
        "makeup-key-emitter": "~0.3.0"
      }
    },
    "makeup-next-id": {
      "version": "0.4.0",
      "resolved": "https://registry.npmjs.org/makeup-next-id/-/makeup-next-id-0.4.0.tgz",
      "integrity": "sha512-7HSHKcHcTsONxRWiADCPnpXTofIDyq4i/JDq4IKBUMcmDUb/jK4wgz3DyQD3AK/GSFUeC3y7M9baBSk2qJvr2Q=="
    },
    "makeup-prevent-scroll-keys": {
      "version": "0.2.0",
      "resolved": "https://registry.npmjs.org/makeup-prevent-scroll-keys/-/makeup-prevent-scroll-keys-0.2.0.tgz",
      "integrity": "sha512-JomR/CgtC+OBF9t4v3tbGDDBvi/5Q6qQQ4ZyjU776alg5XBQ2l2rVuOUXXUmv9DEpP3GryO2/mCdk1d4q078Og=="
    }
  }
}