{
  "name": "makeup-menu",
  "version": "0.2.0",
  "lockfileVersion": 2,
  "requires": true,
  "packages": {
    "": {
      "name": "makeup-menu",
      "version": "0.2.0",
      "license": "MIT",
      "dependencies": {
        "makeup-prevent-scroll-keys": "~0.2.0",
        "makeup-roving-tabindex": "~0.5.1"
      }
    },
    "node_modules/makeup-exit-emitter": {
      "version": "0.4.0",
      "resolved": "https://registry.npmjs.org/makeup-exit-emitter/-/makeup-exit-emitter-0.4.0.tgz",
      "integrity": "sha512-fkLVFRe6kz1vfrxjHJoDKw5P0fpAsqq4Sb/S8pbUIbWNy1M8GnRzHn/Ln6kdRNBnbZmktXlf4E/cDwHcZkgRXA==",
      "dependencies": {
        "makeup-next-id": "~0.4.0"
      }
    },
    "node_modules/makeup-key-emitter": {
      "version": "0.3.0",
      "resolved": "https://registry.npmjs.org/makeup-key-emitter/-/makeup-key-emitter-0.3.0.tgz",
      "integrity": "sha512-LJMbf+V/35fBP54KY3wZLoFlRHkNN+ks/7/tcYDkprfH1s/1iRsbJI52P23sas1Pry5dAL18vSNBCK/7iGobKg=="
    },
    "node_modules/makeup-navigation-emitter": {
      "version": "0.5.1",
      "resolved": "https://registry.npmjs.org/makeup-navigation-emitter/-/makeup-navigation-emitter-0.5.1.tgz",
      "integrity": "sha512-hqwaHzZugXE7SwIV+tUC28TMMxt9It2LD5wxnlfAOj/S49H3iPl/5z0CmA4sELxp2XwAFnD1Dg75AG396bjVMQ==",
      "dependencies": {
        "makeup-exit-emitter": "~0.4.0",
        "makeup-key-emitter": "~0.3.0"
      }
    },
    "node_modules/makeup-next-id": {
      "version": "0.4.0",
      "resolved": "https://registry.npmjs.org/makeup-next-id/-/makeup-next-id-0.4.0.tgz",
      "integrity": "sha512-7HSHKcHcTsONxRWiADCPnpXTofIDyq4i/JDq4IKBUMcmDUb/jK4wgz3DyQD3AK/GSFUeC3y7M9baBSk2qJvr2Q=="
    },
    "node_modules/makeup-prevent-scroll-keys": {
      "version": "0.2.0",
      "resolved": "https://registry.npmjs.org/makeup-prevent-scroll-keys/-/makeup-prevent-scroll-keys-0.2.0.tgz",
      "integrity": "sha512-JomR/CgtC+OBF9t4v3tbGDDBvi/5Q6qQQ4ZyjU776alg5XBQ2l2rVuOUXXUmv9DEpP3GryO2/mCdk1d4q078Og=="
    },
    "node_modules/makeup-roving-tabindex": {
      "version": "0.5.1",
      "resolved": "https://registry.npmjs.org/makeup-roving-tabindex/-/makeup-roving-tabindex-0.5.1.tgz",
      "integrity": "sha512-M6X/rl/1HfcM27WIwQre0FyvTVu5G/y7vc+3lYaBt8HHydIjEOC9+flRxkI2wrbbrJ/wodnuu3093O6Ic95ugw==",
      "dependencies": {
        "makeup-navigation-emitter": "~0.5.1"
      }
    }
  },
  "dependencies": {
    "makeup-exit-emitter": {
      "version": "0.4.0",
      "resolved": "https://registry.npmjs.org/makeup-exit-emitter/-/makeup-exit-emitter-0.4.0.tgz",
      "integrity": "sha512-fkLVFRe6kz1vfrxjHJoDKw5P0fpAsqq4Sb/S8pbUIbWNy1M8GnRzHn/Ln6kdRNBnbZmktXlf4E/cDwHcZkgRXA==",
      "requires": {
        "makeup-next-id": "~0.4.0"
      }
    },
    "makeup-key-emitter": {
      "version": "0.3.0",
      "resolved": "https://registry.npmjs.org/makeup-key-emitter/-/makeup-key-emitter-0.3.0.tgz",
      "integrity": "sha512-LJMbf+V/35fBP54KY3wZLoFlRHkNN+ks/7/tcYDkprfH1s/1iRsbJI52P23sas1Pry5dAL18vSNBCK/7iGobKg=="
    },
    "makeup-navigation-emitter": {
      "version": "0.5.1",
      "resolved": "https://registry.npmjs.org/makeup-navigation-emitter/-/makeup-navigation-emitter-0.5.1.tgz",
      "integrity": "sha512-hqwaHzZugXE7SwIV+tUC28TMMxt9It2LD5wxnlfAOj/S49H3iPl/5z0CmA4sELxp2XwAFnD1Dg75AG396bjVMQ==",
      "requires": {
        "makeup-exit-emitter": "~0.4.0",
        "makeup-key-emitter": "~0.3.0"
      }
    },
    "makeup-next-id": {
      "version": "0.4.0",
      "resolved": "https://registry.npmjs.org/makeup-next-id/-/makeup-next-id-0.4.0.tgz",
      "integrity": "sha512-7HSHKcHcTsONxRWiADCPnpXTofIDyq4i/JDq4IKBUMcmDUb/jK4wgz3DyQD3AK/GSFUeC3y7M9baBSk2qJvr2Q=="
    },
    "makeup-prevent-scroll-keys": {
      "version": "0.2.0",
      "resolved": "https://registry.npmjs.org/makeup-prevent-scroll-keys/-/makeup-prevent-scroll-keys-0.2.0.tgz",
      "integrity": "sha512-JomR/CgtC+OBF9t4v3tbGDDBvi/5Q6qQQ4ZyjU776alg5XBQ2l2rVuOUXXUmv9DEpP3GryO2/mCdk1d4q078Og=="
    },
    "makeup-roving-tabindex": {
      "version": "0.5.1",
      "resolved": "https://registry.npmjs.org/makeup-roving-tabindex/-/makeup-roving-tabindex-0.5.1.tgz",
      "integrity": "sha512-M6X/rl/1HfcM27WIwQre0FyvTVu5G/y7vc+3lYaBt8HHydIjEOC9+flRxkI2wrbbrJ/wodnuu3093O6Ic95ugw==",
      "requires": {
        "makeup-navigation-emitter": "~0.5.1"
      }
    }
  }
}
