{
	"name": "makeup-active-descendant",
	"version": "0.3.9",
	"lockfileVersion": 1,
	"requires": true,
	"dependencies": {
		"custom-event": {
			"version": "1.0.1",
			"resolved": "https://registry.npmjs.org/custom-event/-/custom-event-1.0.1.tgz",
			"integrity": "sha1-XQKkaFCt8bSjF5RqOSj8y1v9BCU="
		},
		"makeup-exit-emitter": {
			"version": "0.2.6",
			"resolved": "https://registry.npmjs.org/makeup-exit-emitter/-/makeup-exit-emitter-0.2.6.tgz",
			"integrity": "sha512-Z96cKFAZ2MZNmu24qylOhStUNrNMDVAqJuDdfocH71/MN3dn23k9QhNr0mXFIs3c72Gyn1Wg5qqNbeO5ZTSMOQ==",
			"requires": {
				"custom-event": "^1",
				"makeup-next-id": "~0.1.3"
			}
		},
		"makeup-key-emitter": {
			"version": "0.1.3",
			"resolved": "https://registry.npmjs.org/makeup-key-emitter/-/makeup-key-emitter-0.1.3.tgz",
			"integrity": "sha512-cykzWqrqGcL7f49QQHSPbocS2WrDcBv51ZhQNimhNhyHI5NCeU7wYUDiLet/6RstQIwhpGKt18U8BO585kUq8A==",
			"requires": {
				"custom-event": "^1"
			}
		},
		"makeup-navigation-emitter": {
			"version": "0.3.8",
			"resolved": "https://registry.npmjs.org/makeup-navigation-emitter/-/makeup-navigation-emitter-0.3.8.tgz",
			"integrity": "sha512-MmJ8V2bRzntgGPU+eeIQBoZ7ZTpA4eh/jF4sZuoBtAxnoe0tUgOvUn8L/6u1n2qIfcqhdhdMcWhFweh+n6twXw==",
			"requires": {
				"custom-event": "^1",
				"makeup-exit-emitter": "~0.2.6",
				"makeup-key-emitter": "~0.1.2",
				"nodelist-foreach-polyfill": "^1"
			}
		},
		"makeup-next-id": {
			"version": "0.1.3",
			"resolved": "https://registry.npmjs.org/makeup-next-id/-/makeup-next-id-0.1.3.tgz",
			"integrity": "sha512-X0iLqUblyFBbGA78JCTpoXno08NseFOBx6ywTKk0+o1A/rqs1fAr6xdNLGSQhAwbppIztGS3ByjZ/t/Gd7Azdg==",
			"requires": {
				"nanoid": "^2"
			}
		},
		"nanoid": {
			"version": "2.1.11",
			"resolved": "https://registry.npmjs.org/nanoid/-/nanoid-2.1.11.tgz",
			"integrity": "sha512-s/snB+WGm6uwi0WjsZdaVcuf3KJXlfGl2LcxgwkEwJF0D/BWzVWAZW/XY4bFaiR7s0Jk3FPvlnepg1H1b1UwlA=="
		},
		"nodelist-foreach-polyfill": {
			"version": "1.2.0",
			"resolved": "https://registry.npmjs.org/nodelist-foreach-polyfill/-/nodelist-foreach-polyfill-1.2.0.tgz",
			"integrity": "sha512-hPW0tSoi1gJ3diSOyjFYOsYLZjnxF04psobzKA5GGGCz3fKHnLODwgdyXQq2cddYlvmT3q+ZNEBrfBdMkYPLaA=="
		}
	}
}
