{
	"name": "makeup-active-descendant",
	"version": "0.4.0",
	"lockfileVersion": 2,
	"requires": true,
	"packages": {
		"": {
			"name": "makeup-active-descendant",
			"version": "0.4.0",
			"license": "MIT",
			"dependencies": {
				"makeup-next-id": "~0.2.0"
			}
		},
		"node_modules/makeup-next-id": {
			"version": "0.2.0",
			"resolved": "https://registry.npmjs.org/makeup-next-id/-/makeup-next-id-0.2.0.tgz",
			"integrity": "sha512-zS6EUYHoKRQuYJRfpglwLP7Y1mRoYkQezX/zkMwV1xtlB5DozIA7o3uhQdZdIwzldM0PVwrdVEQT5PXx6XbBBA==",
			"dependencies": {
				"nanoid": "^2"
			}
		},
		"node_modules/nanoid": {
			"version": "2.1.11",
			"resolved": "https://registry.npmjs.org/nanoid/-/nanoid-2.1.11.tgz",
			"integrity": "sha512-s/snB+WGm6uwi0WjsZdaVcuf3KJXlfGl2LcxgwkEwJF0D/BWzVWAZW/XY4bFaiR7s0Jk3FPvlnepg1H1b1UwlA=="
		}
	},
	"dependencies": {
		"makeup-next-id": {
			"version": "0.2.0",
			"resolved": "https://registry.npmjs.org/makeup-next-id/-/makeup-next-id-0.2.0.tgz",
			"integrity": "sha512-zS6EUYHoKRQuYJRfpglwLP7Y1mRoYkQezX/zkMwV1xtlB5DozIA7o3uhQdZdIwzldM0PVwrdVEQT5PXx6XbBBA==",
			"requires": {
				"nanoid": "^2"
			}
		},
		"nanoid": {
			"version": "2.1.11",
			"resolved": "https://registry.npmjs.org/nanoid/-/nanoid-2.1.11.tgz",
			"integrity": "sha512-s/snB+WGm6uwi0WjsZdaVcuf3KJXlfGl2LcxgwkEwJF0D/BWzVWAZW/XY4bFaiR7s0Jk3FPvlnepg1H1b1UwlA=="
		}
	}
}
