{
	"name": "makeup-active-descendant",
	"version": "0.4.0",
	"lockfileVersion": 1,
	"requires": true,
	"dependencies": {
		"makeup-exit-emitter": {
			"version": "0.3.0",
			"resolved": "https://registry.npmjs.org/makeup-exit-emitter/-/makeup-exit-emitter-0.3.0.tgz",
			"integrity": "sha512-vmEsvMSsbKpruRubJOnSxqipcuYDhpGRegxru8QC5tY0t63jm2CAAXhTvaH9XtNXxcyPSUuaHYh6nuu4pJWzCQ==",
			"requires": {
				"makeup-next-id": "~0.2.0"
			}
		},
		"makeup-key-emitter": {
			"version": "0.2.0",
			"resolved": "https://registry.npmjs.org/makeup-key-emitter/-/makeup-key-emitter-0.2.0.tgz",
			"integrity": "sha512-n8a3leknN+jexvrLksez4TK4mDUkiqFQpQvpuPm10JzHQLHHgHGBLi5AcClfhOMuYIutHxD2VYzRVkpSP9+/iw=="
		},
		"makeup-navigation-emitter": {
			"version": "0.4.0",
			"resolved": "https://registry.npmjs.org/makeup-navigation-emitter/-/makeup-navigation-emitter-0.4.0.tgz",
			"integrity": "sha512-L2IbpR/luwdGJlqY1RU5/jYuCMd7V43BFpIk9YluOb95UH0KWTZ2CAzH92bRMxbt0uj93FfrEwcZ5JVgThmCag==",
			"requires": {
				"makeup-exit-emitter": "~0.3.0",
				"makeup-key-emitter": "~0.2.0"
			}
		},
		"makeup-next-id": {
			"version": "0.2.0",
			"resolved": "https://registry.npmjs.org/makeup-next-id/-/makeup-next-id-0.2.0.tgz",
			"integrity": "sha512-zS6EUYHoKRQuYJRfpglwLP7Y1mRoYkQezX/zkMwV1xtlB5DozIA7o3uhQdZdIwzldM0PVwrdVEQT5PXx6XbBBA==",
			"requires": {
				"nanoid": "^2"
			}
		},
		"nanoid": {
			"version": "2.1.11",
			"resolved": "https://registry.npmjs.org/nanoid/-/nanoid-2.1.11.tgz",
			"integrity": "sha512-s/snB+WGm6uwi0WjsZdaVcuf3KJXlfGl2LcxgwkEwJF0D/BWzVWAZW/XY4bFaiR7s0Jk3FPvlnepg1H1b1UwlA=="
		}
	}
}
